<?xml version="1.0" encoding="utf-8"?>
<Project ToolsVersion="4.0" xmlns="http://schemas.microsoft.com/developer/msbuild/2003">
  <ItemGroup>
    <ClInclude Include="framework.h">
      <Filter>Default</Filter>
    </ClInclude>
    <ClInclude Include="pch.h">
      <Filter>Default</Filter>
    </ClInclude>
    <ClInclude Include="CScriptMgr.h">
      <Filter>ScriptMgr</Filter>
    </ClInclude>
    <ClInclude Include="CBackgroundScript.h">
      <Filter>Scripts\Default</Filter>
    </ClInclude>
    <ClInclude Include="CMissileScript.h">
      <Filter>Scripts\Default</Filter>
    </ClInclude>
    <ClInclude Include="CMonsterScript.h">
      <Filter>Scripts\Default</Filter>
    </ClInclude>
    <ClInclude Include="CPlayerScript.h">
      <Filter>Scripts\Default</Filter>
    </ClInclude>
    <ClInclude Include="CDiceScript.h">
      <Filter>Scripts\Dice</Filter>
    </ClInclude>
    <ClInclude Include="CFieldScript.h">
      <Filter>Scripts\Field</Filter>
    </ClInclude>
    <ClInclude Include="CDiceAttackScript.h">
      <Filter>Scripts\DiceAttack</Filter>
    </ClInclude>
    <ClInclude Include="CDiceBuffScript.h">
      <Filter>Scripts\DiceBuff</Filter>
    </ClInclude>
    <ClInclude Include="CDiceMergeScript.h">
      <Filter>Scripts\DiceMerge</Filter>
    </ClInclude>
    <ClInclude Include="CUIScript.h">
      <Filter>Scripts\UI</Filter>
    </ClInclude>
    <ClInclude Include="CEnemyScript.h">
      <Filter>Scripts\Enemy</Filter>
    </ClInclude>
    <ClInclude Include="CExternScript.h">
      <Filter>Scripts\Extern</Filter>
    </ClInclude>
    <ClInclude Include="CSpeedEnemyScript.h">
      <Filter>Scripts\Enemy\Speed</Filter>
    </ClInclude>
    <ClInclude Include="CBigEnemyScript.h">
      <Filter>Scripts\Enemy\Big</Filter>
    </ClInclude>
    <ClInclude Include="CDefaultEnemyScript.h">
      <Filter>Scripts\Enemy\Default</Filter>
    </ClInclude>
    <ClInclude Include="CRotateScript.h">
      <Filter>Scripts\Rotate</Filter>
    </ClInclude>
    <ClInclude Include="CEnemyGateScript.h">
      <Filter>Scripts\EnemyGate</Filter>
    </ClInclude>
    <ClInclude Include="CGameMemoryPool.h">
      <Filter>Memory Pool</Filter>
    </ClInclude>
    <ClInclude Include="CSummonDiceBtnScript.h">
      <Filter>Scripts\SummonBtnUI</Filter>
    </ClInclude>
    <ClInclude Include="CSPBarScript.h">
      <Filter>Scripts\SPBar</Filter>
    </ClInclude>
    <ClInclude Include="CDiceUI.h">
      <Filter>Scripts\DiceUI</Filter>
    </ClInclude>
    <ClInclude Include="CPlayerHP.h">
      <Filter>Scripts\PlayerHP</Filter>
    </ClInclude>
    <ClInclude Include="CDiceScale.h">
      <Filter>Scripts\DiceScale</Filter>
    </ClInclude>
    <ClInclude Include="CDiceScaleProjectile.h">
      <Filter>Scripts\DiceScale\DiceScaleProjectile</Filter>
    </ClInclude>
    <ClInclude Include="CDefaultAttack.h">
      <Filter>Scripts\DiceAttack\DefaultAttack</Filter>
    </ClInclude>
    <ClInclude Include="CBuffAttack.h">
      <Filter>Scripts\DiceAttack\BuffAttack</Filter>
    </ClInclude>
    <ClInclude Include="CWindAttack.h">
      <Filter>Scripts\DiceAttack\WindAttack</Filter>
    </ClInclude>
    <ClInclude Include="ScriptDefine.h">
      <Filter>Default</Filter>
    </ClInclude>
    <ClInclude Include="CElectricAttack.h">
      <Filter>Scripts\DiceAttack\ElectricAttack</Filter>
    </ClInclude>
    <ClInclude Include="CDefaultMerge.h">
      <Filter>Scripts\DiceMerge\DefaultMerge</Filter>
    </ClInclude>
  </ItemGroup>
  <ItemGroup>
    <ClCompile Include="pch.cpp">
      <Filter>Default</Filter>
    </ClCompile>
    <ClCompile Include="Scripts.cpp">
      <Filter>Default</Filter>
    </ClCompile>
    <ClCompile Include="CScriptMgr.cpp">
      <Filter>ScriptMgr</Filter>
    </ClCompile>
    <ClCompile Include="CBackgroundScript.cpp">
      <Filter>Scripts\Default</Filter>
    </ClCompile>
    <ClCompile Include="CMissileScript.cpp">
      <Filter>Scripts\Default</Filter>
    </ClCompile>
    <ClCompile Include="CMonsterScript.cpp">
      <Filter>Scripts\Default</Filter>
    </ClCompile>
    <ClCompile Include="CPlayerScript.cpp">
      <Filter>Scripts\Default</Filter>
    </ClCompile>
    <ClCompile Include="CDiceScript.cpp">
      <Filter>Scripts\Dice</Filter>
    </ClCompile>
    <ClCompile Include="CFieldScript.cpp">
      <Filter>Scripts\Field</Filter>
    </ClCompile>
    <ClCompile Include="CDiceAttackScript.cpp">
      <Filter>Scripts\DiceAttack</Filter>
    </ClCompile>
    <ClCompile Include="CDiceBuffScript.cpp">
      <Filter>Scripts\DiceBuff</Filter>
    </ClCompile>
    <ClCompile Include="CDiceMergeScript.cpp">
      <Filter>Scripts\DiceMerge</Filter>
    </ClCompile>
    <ClCompile Include="CUIScript.cpp">
      <Filter>Scripts\UI</Filter>
    </ClCompile>
    <ClCompile Include="CEnemyScript.cpp">
      <Filter>Scripts\Enemy</Filter>
    </ClCompile>
    <ClCompile Include="CExternScript.cpp">
      <Filter>Scripts\Extern</Filter>
    </ClCompile>
    <ClCompile Include="CSpeedEnemyScript.cpp">
      <Filter>Scripts\Enemy\Speed</Filter>
    </ClCompile>
    <ClCompile Include="CBigEnemyScript.cpp">
      <Filter>Scripts\Enemy\Big</Filter>
    </ClCompile>
    <ClCompile Include="CDefaultEnemyScript.cpp">
      <Filter>Scripts\Enemy\Default</Filter>
    </ClCompile>
    <ClCompile Include="CRotateScript.cpp">
      <Filter>Scripts\Rotate</Filter>
    </ClCompile>
    <ClCompile Include="CEnemyGateScript.cpp">
      <Filter>Scripts\EnemyGate</Filter>
    </ClCompile>
    <ClCompile Include="CGameMemoryPool.cpp">
      <Filter>Memory Pool</Filter>
    </ClCompile>
    <ClCompile Include="CSummonDiceBtnScript.cpp">
      <Filter>Scripts\SummonBtnUI</Filter>
    </ClCompile>
    <ClCompile Include="CSPBarScript.cpp">
      <Filter>Scripts\SPBar</Filter>
    </ClCompile>
    <ClCompile Include="CDiceUI.cpp">
      <Filter>Scripts\DiceUI</Filter>
    </ClCompile>
    <ClCompile Include="CPlayerHP.cpp">
      <Filter>Scripts\PlayerHP</Filter>
    </ClCompile>
    <ClCompile Include="CDiceScale.cpp">
      <Filter>Scripts\DiceScale</Filter>
    </ClCompile>
    <ClCompile Include="CDiceScaleProjectile.cpp">
      <Filter>Scripts\DiceScale\DiceScaleProjectile</Filter>
    </ClCompile>
    <ClCompile Include="CDefaultAttack.cpp">
      <Filter>Scripts\DiceAttack\DefaultAttack</Filter>
    </ClCompile>
    <ClCompile Include="CBuffAttack.cpp">
      <Filter>Scripts\DiceAttack\BuffAttack</Filter>
    </ClCompile>
    <ClCompile Include="CWindAttack.cpp">
      <Filter>Scripts\DiceAttack\WindAttack</Filter>
    </ClCompile>
    <ClCompile Include="CElectricAttack.cpp">
      <Filter>Scripts\DiceAttack\ElectricAttack</Filter>
    </ClCompile>
    <ClCompile Include="CDiceScript_init.cpp">
      <Filter>Scripts\Dice</Filter>
    </ClCompile>
    <ClCompile Include="CFieldScript_init.cpp">
      <Filter>Scripts\Field</Filter>
    </ClCompile>
    <ClCompile Include="CDefaultMerge.cpp">
      <Filter>Scripts\DiceMerge\DefaultMerge</Filter>
    </ClCompile>
  </ItemGroup>
  <ItemGroup>
    <Filter Include="Default">
      <UniqueIdentifier>{4f2f6642-c0f0-494a-9d81-0124398fdb95}</UniqueIdentifier>
    </Filter>
    <Filter Include="Scripts">
      <UniqueIdentifier>{af5c3808-4d30-476b-b2ab-d844558017d2}</UniqueIdentifier>
    </Filter>
    <Filter Include="ScriptMgr">
      <UniqueIdentifier>{b42de7fc-e585-40cf-9c65-79e91e2b59d4}</UniqueIdentifier>
    </Filter>
    <Filter Include="Scripts\Default">
      <UniqueIdentifier>{7ee2fd6b-ca30-4c1e-b99f-2ab32b92438c}</UniqueIdentifier>
    </Filter>
    <Filter Include="Scripts\Field">
      <UniqueIdentifier>{d0e1cfc7-6c7b-4561-878c-68e04070b794}</UniqueIdentifier>
    </Filter>
    <Filter Include="Scripts\DiceAttack">
      <UniqueIdentifier>{c88a7274-9b0f-4393-bb50-5bb15b7f8e50}</UniqueIdentifier>
    </Filter>
    <Filter Include="Scripts\DiceBuff">
      <UniqueIdentifier>{b28fc24c-a36f-4421-9d1d-ec3318fbbaf8}</UniqueIdentifier>
    </Filter>
    <Filter Include="Scripts\DiceMerge">
      <UniqueIdentifier>{d10a1952-fe61-4bc3-9958-6d60a6bddca8}</UniqueIdentifier>
    </Filter>
    <Filter Include="Scripts\Dice">
      <UniqueIdentifier>{0504a554-b40a-4fec-bbc6-d8de26089e9f}</UniqueIdentifier>
    </Filter>
    <Filter Include="Scripts\UI">
      <UniqueIdentifier>{61e30a39-c22c-4c1c-85c7-cadbb167d704}</UniqueIdentifier>
    </Filter>
    <Filter Include="Scripts\Enemy">
      <UniqueIdentifier>{a253f0ba-1386-423e-b475-a1a6b41f72f4}</UniqueIdentifier>
    </Filter>
    <Filter Include="Scripts\Enemy\Default">
      <UniqueIdentifier>{7d765733-dca9-47e5-88c8-75ec915f6e73}</UniqueIdentifier>
    </Filter>
    <Filter Include="Scripts\Enemy\Boss">
      <UniqueIdentifier>{601453d8-d116-46d1-b0be-c2b8e4595b9e}</UniqueIdentifier>
    </Filter>
    <Filter Include="Scripts\Enemy\Speed">
      <UniqueIdentifier>{4ec542ff-23bd-41e2-8480-1aeecfa5b77b}</UniqueIdentifier>
    </Filter>
    <Filter Include="Scripts\Enemy\Big">
      <UniqueIdentifier>{8e34fc64-e5c3-4a5b-bf27-91462f346e79}</UniqueIdentifier>
    </Filter>
    <Filter Include="Scripts\Extern">
      <UniqueIdentifier>{a01248d7-fc99-436c-bec1-cb986033a328}</UniqueIdentifier>
    </Filter>
    <Filter Include="Scripts\Rotate">
      <UniqueIdentifier>{de17f40a-7b94-4ac4-96d6-bdfe816c0446}</UniqueIdentifier>
    </Filter>
    <Filter Include="Scripts\EnemyGate">
      <UniqueIdentifier>{387bb16a-e5cc-44c2-b8a1-8e3670e53dc6}</UniqueIdentifier>
    </Filter>
    <Filter Include="Memory Pool">
      <UniqueIdentifier>{9704712e-15b5-46bc-a464-0bcc8b7c19d5}</UniqueIdentifier>
    </Filter>
    <Filter Include="Scripts\DiceUI">
      <UniqueIdentifier>{ebc51a9c-6844-4487-b9d5-2038a17bb5fd}</UniqueIdentifier>
    </Filter>
    <Filter Include="Scripts\SummonBtnUI">
      <UniqueIdentifier>{72c2b3f4-3875-46aa-b5ed-3c3131857fc2}</UniqueIdentifier>
    </Filter>
    <Filter Include="Scripts\SPBar">
      <UniqueIdentifier>{4d8e83dd-4f05-42a4-acd2-a418dcfe0996}</UniqueIdentifier>
    </Filter>
    <Filter Include="Scripts\PlayerHP">
      <UniqueIdentifier>{e67195e0-d6dd-4de8-ad0e-55976a940764}</UniqueIdentifier>
    </Filter>
    <Filter Include="Scripts\DiceScale">
      <UniqueIdentifier>{a6681121-fa4f-4c92-8ae6-65911051a3e9}</UniqueIdentifier>
    </Filter>
    <Filter Include="Scripts\DiceScale\DiceScaleProjectile">
      <UniqueIdentifier>{3031b547-4d23-41d6-b18f-99fabb3f6bce}</UniqueIdentifier>
    </Filter>
    <Filter Include="Scripts\DiceAttack\DefaultAttack">
      <UniqueIdentifier>{71c2af80-4786-4ec4-9a28-996bd5f7e51b}</UniqueIdentifier>
    </Filter>
    <Filter Include="Scripts\DiceAttack\BuffAttack">
      <UniqueIdentifier>{f1007555-7a2b-4b2e-8cb5-2df082690933}</UniqueIdentifier>
    </Filter>
    <Filter Include="Scripts\DiceAttack\WindAttack">
      <UniqueIdentifier>{de53007d-b65c-4896-b5fb-762519602d6f}</UniqueIdentifier>
    </Filter>
    <Filter Include="Scripts\DiceAttack\ElectricAttack">
      <UniqueIdentifier>{8e54bee1-d353-4dc4-b511-7cda299b1072}</UniqueIdentifier>
    </Filter>
    <Filter Include="Scripts\DiceMerge\DefaultMerge">
      <UniqueIdentifier>{60e85197-0a92-4619-ab39-6f8c25323413}</UniqueIdentifier>
    </Filter>
  </ItemGroup>
</Project>